// !$*UTF8*$!
{
	archiveVersion = 1;
	classes = {
	};
	objectVersion = 52;
	objects = {

/* Begin PBXBuildFile section */
		AC14EFDF250B990A0097CD16 /* SkeletonView in Frameworks */ = {isa = PBXBuildFile; productRef = AC14EFDE250B990A0097CD16 /* SkeletonView */; };
		ACD5825C2508AFA900C12CFB /* AppDelegate.swift in Sources */ = {isa = PBXBuildFile; fileRef = ACD5825B2508AFA900C12CFB /* AppDelegate.swift */; };
		ACD5825E2508AFA900C12CFB /* SceneDelegate.swift in Sources */ = {isa = PBXBuildFile; fileRef = ACD5825D2508AFA900C12CFB /* SceneDelegate.swift */; };
		ACD582602508AFA900C12CFB /* ViewController.swift in Sources */ = {isa = PBXBuildFile; fileRef = ACD5825F2508AFA900C12CFB /* ViewController.swift */; };
		ACD582632508AFA900C12CFB /* Main.storyboard in Resources */ = {isa = PBXBuildFile; fileRef = ACD582612508AFA900C12CFB /* Main.storyboard */; };
		ACD582652508AFAA00C12CFB /* Assets.xcassets in Resources */ = {isa = PBXBuildFile; fileRef = ACD582642508AFAA00C12CFB /* Assets.xcassets */; };
		ACD582682508AFAA00C12CFB /* LaunchScreen.storyboard in Resources */ = {isa = PBXBuildFile; fileRef = ACD582662508AFAA00C12CFB /* LaunchScreen.storyboard */; };
/* End PBXBuildFile section */

/* Begin PBXFileReference section */
		ACD582582508AFA900C12CFB /* SkeletonViewTutorial.app */ = {isa = PBXFileReference; explicitFileType = wrapper.application; includeInIndex = 0; path = SkeletonViewTutorial.app; sourceTree = BUILT_PRODUCTS_DIR; };
		ACD5825B2508AFA900C12CFB /* AppDelegate.swift */ = {isa = PBXFileReference; lastKnownFileType = sourcecode.swift; path = AppDelegate.swift; sourceTree = "<group>"; };
		ACD5825D2508AFA900C12CFB /* SceneDelegate.swift */ = {isa = PBXFileReference; lastKnownFileType = sourcecode.swift; path = SceneDelegate.swift; sourceTree = "<group>"; };
		ACD5825F2508AFA900C12CFB /* ViewController.swift */ = {isa = PBXFileReference; lastKnownFileType = sourcecode.swift; path = ViewController.swift; sourceTree = "<group>"; };
		ACD582622508AFA900C12CFB /* Base */ = {isa = PBXFileReference; lastKnownFileType = file.storyboard; name = Base; path = Base.lproj/Main.storyboard; sourceTree = "<group>"; };
		ACD582642508AFAA00C12CFB /* Assets.xcassets */ = {isa = PBXFileReference; lastKnownFileType = folder.assetcatalog; path = Assets.xcassets; sourceTree = "<group>"; };
		ACD582672508AFAA00C12CFB /* Base */ = {isa = PBXFileReference; lastKnownFileType = file.storyboard; name = Base; path = Base.lproj/LaunchScreen.storyboard; sourceTree = "<group>"; };
		ACD582692508AFAA00C12CFB /* Info.plist */ = {isa = PBXFileReference; lastKnownFileType = text.plist.xml; path = Info.plist; sourceTree = "<group>"; };
/* End PBXFileReference section */

/* Begin PBXFrameworksBuildPhase section */
		ACD582552508AFA900C12CFB /* Frameworks */ = {
			isa = PBXFrameworksBuildPhase;
			buildActionMask = 2147483647;
			files = (
				AC14EFDF250B990A0097CD16 /* SkeletonView in Frameworks */,
			);
			runOnlyForDeploymentPostprocessing = 0;
		};
/* End PBXFrameworksBuildPhase section */

/* Begin PBXGroup section */
		ACD5824F2508AFA900C12CFB = {
			isa = PBXGroup;
			children = (
				ACD5825A2508AFA900C12CFB /* SkeletonViewTutorial */,
				ACD582592508AFA900C12CFB /* Products */,
			);
			sourceTree = "<group>";
		};
		ACD582592508AFA900C12CFB /* Products */ = {
			isa = PBXGroup;
			children = (
				ACD582582508AFA900C12CFB /* SkeletonViewTutorial.app */,
			);
			name = Products;
			sourceTree = "<group>";
		};
		ACD5825A2508AFA900C12CFB /* SkeletonViewTutorial */ = {
			isa = PBXGroup;
			children = (
				ACD5825B2508AFA900C12CFB /* AppDelegate.swift */,
				ACD5825D2508AFA900C12CFB /* SceneDelegate.swift */,
				ACD5825F2508AFA900C12CFB /* ViewController.swift */,
				ACD582612508AFA900C12CFB /* Main.storyboard */,
				ACD582642508AFAA00C12CFB /* Assets.xcassets */,
				ACD582662508AFAA00C12CFB /* LaunchScreen.storyboard */,
				ACD582692508AFAA00C12CFB /* Info.plist */,
			);
			path = SkeletonViewTutorial;
			sourceTree = "<group>";
		};
/* End PBXGroup section */

/* Begin PBXNativeTarget section */
		ACD582572508AFA900C12CFB /* SkeletonViewTutorial */ = {
			isa = PBXNativeTarget;
			buildConfigurationList = ACD5826C2508AFAA00C12CFB /* Build configuration list for PBXNativeTarget "SkeletonViewTutorial" */;
			buildPhases = (
				ACD582542508AFA900C12CFB /* Sources */,
				ACD582552508AFA900C12CFB /* Frameworks */,
				ACD582562508AFA900C12CFB /* Resources */,
			);
			buildRules = (
			);
			dependencies = (
			);
			name = SkeletonViewTutorial;
			packageProductDependencies = (
				AC14EFDE250B990A0097CD16 /* SkeletonView */,
			);
			productName = SkeletonViewTutorial;
			productReference = ACD582582508AFA900C12CFB /* SkeletonViewTutorial.app */;
			productType = "com.apple.product-type.application";
		};
/* End PBXNativeTarget section */

/* Begin PBXProject section */
		ACD582502508AFA900C12CFB /* Project object */ = {
			isa = PBXProject;
			attributes = {
				LastSwiftUpdateCheck = 1170;
				LastUpgradeCheck = 1200;
				ORGANIZATIONNAME = MoureDev;
				TargetAttributes = {
					ACD582572508AFA900C12CFB = {
						CreatedOnToolsVersion = 11.7;
					};
				};
			};
			buildConfigurationList = ACD582532508AFA900C12CFB /* Build configuration list for PBXProject "SkeletonViewTutorial" */;
			compatibilityVersion = "Xcode 9.3";
			developmentRegion = en;
			hasScannedForEncodings = 0;
			knownRegions = (
				en,
				Base,
			);
			mainGroup = ACD5824F2508AFA900C12CFB;
			packageReferences = (
				AC14EFDD250B990A0097CD16 /* XCRemoteSwiftPackageReference "SkeletonView" */,
			);
			productRefGroup = ACD582592508AFA900C12CFB /* Products */;
			projectDirPath = "";
			projectRoot = "";
			targets = (
				ACD582572508AFA900C12CFB /* SkeletonViewTutorial */,
			);
		};
/* End PBXProject section */

/* Begin PBXResourcesBuildPhase section */
		ACD582562508AFA900C12CFB /* Resources */ = {
			isa = PBXResourcesBuildPhase;
			buildActionMask = 2147483647;
			files = (
				ACD582682508AFAA00C12CFB /* LaunchScreen.storyboard in Resources */,
				ACD582652508AFAA00C12CFB /* Assets.xcassets in Resources */,
				ACD582632508AFA900C12CFB /* Main.storyboard in Resources */,
			);
			runOnlyForDeploymentPostprocessing = 0;
		};
/* End PBXResourcesBuildPhase section */

/* Begin PBXSourcesBuildPhase section */
		ACD582542508AFA900C12CFB /* Sources */ = {
			isa = PBXSourcesBuildPhase;
			buildActionMask = 2147483647;
			files = (
				ACD582602508AFA900C12CFB /* ViewController.swift in Sources */,
				ACD5825C2508AFA900C12CFB /* AppDelegate.swift in Sources */,
				ACD5825E2508AFA900C12CFB /* SceneDelegate.swift in Sources */,
			);
			runOnlyForDeploymentPostprocessing = 0;
		};
/* End PBXSourcesBuildPhase section */

/* Begin PBXVariantGroup section */
		ACD582612508AFA900C12CFB /* Main.storyboard */ = {
			isa = PBXVariantGroup;
			children = (
				ACD582622508AFA900C12CFB /* Base */,
			);
			name = Main.storyboard;
			sourceTree = "<group>";
		};
		ACD582662508AFAA00C12CFB /* LaunchScreen.storyboard */ = {
			isa = PBXVariantGroup;
			children = (
				ACD582672508AFAA00C12CFB /* Base */,
			);
			name = LaunchScreen.storyboard;
			sourceTree = "<group>";
		};
/* End PBXVariantGroup section */

/* Begin XCBuildConfiguration section */
		ACD5826A2508AFAA00C12CFB /* Debug */ = {
			isa = XCBuildConfiguration;
			buildSettings = {
				ALWAYS_SEARCH_USER_PATHS = NO;
				CLANG_ANALYZER_NONNULL = YES;
				CLANG_ANALYZER_NUMBER_OBJECT_CONVERSION = YES_AGGRESSIVE;
				CLANG_CXX_LANGUAGE_STANDARD = "gnu++14";
				CLANG_CXX_LIBRARY = "libc++";
				CLANG_ENABLE_MODULES = YES;
				CLANG_ENABLE_OBJC_ARC = YES;
				CLANG_ENABLE_OBJC_WEAK = YES;
				CLANG_WARN_BLOCK_CAPTURE_AUTORELEASING = YES;
				CLANG_WARN_BOOL_CONVERSION = YES;
				CLANG_WARN_COMMA = YES;
				CLANG_WARN_CONSTANT_CONVERSION = YES;
				CLANG_WARN_DEPRECATED_OBJC_IMPLEMENTATIONS = YES;
				CLANG_WARN_DIRECT_OBJC_ISA_USAGE = YES_ERROR;
				CLANG_WARN_DOCUMENTATION_COMMENTS = YES;
				CLANG_WARN_EMPTY_BODY = YES;
				CLANG_WARN_ENUM_CONVERSION = YES;
				CLANG_WARN_INFINITE_RECURSION = YES;
				CLANG_WARN_INT_CONVERSION = YES;
				CLANG_WARN_NON_LITERAL_NULL_CONVERSION = YES;
				CLANG_WARN_OBJC_IMPLICIT_RETAIN_SELF = YES;
				CLANG_WARN_OBJC_LITERAL_CONVERSION = YES;
				CLANG_WARN_OBJC_ROOT_CLASS = YES_ERROR;
				CLANG_WARN_QUOTED_INCLUDE_IN_FRAMEWORK_HEADER = YES;
				CLANG_WARN_RANGE_LOOP_ANALYSIS = YES;
				CLANG_WARN_STRICT_PROTOTYPES = YES;
				CLANG_WARN_SUSPICIOUS_MOVE = YES;
				CLANG_WARN_UNGUARDED_AVAILABILITY = YES_AGGRESSIVE;
				CLANG_WARN_UNREACHABLE_CODE = YES;
				CLANG_WARN__DUPLICATE_METHOD_MATCH = YES;
				COPY_PHASE_STRIP = NO;
				DEBUG_INFORMATION_FORMAT = dwarf;
				ENABLE_STRICT_OBJC_MSGSEND = YES;
				ENABLE_TESTABILITY = YES;
				GCC_C_LANGUAGE_STANDARD = gnu11;
				GCC_DYNAMIC_NO_PIC = NO;
				GCC_NO_COMMON_BLOCKS = YES;
				GCC_OPTIMIZATION_LEVEL = 0;
				GCC_PREPROCESSOR_DEFINITIONS = (
					"DEBUG=1",
					"$(inherited)",
				);
				GCC_WARN_64_TO_32_BIT_CONVERSION = YES;
				GCC_WARN_ABOUT_RETURN_TYPE = YES_ERROR;
				GCC_WARN_UNDECLARED_SELECTOR = YES;
				GCC_WARN_UNINITIALIZED_AUTOS = YES_AGGRESSIVE;
				GCC_WARN_UNUSED_FUNCTION = YES;
				GCC_WARN_UNUSED_VARIABLE = YES;
				IPHONEOS_DEPLOYMENT_TARGET = 13.0;
				MTL_ENABLE_DEBUG_INFO = INCLUDE_SOURCE;
				MTL_FAST_MATH = YES;
				ONLY_ACTIVE_ARCH = YES;
				SDKROOT = iphoneos;
				SWIFT_ACTIVE_COMPILATION_CONDITIONS = DEBUG;
				SWIFT_OPTIMIZATION_LEVEL = "-Onone";
			};
			name = Debug;
		};
		ACD5826B2508AFAA00C12CFB /* Release */ = {
			isa = XCBuildConfiguration;
			buildSettings = {
				ALWAYS_SEARCH_USER_PATHS = NO;
				CLANG_ANALYZER_NONNULL = YES;
				CLANG_ANALYZER_NUMBER_OBJECT_CONVERSION = YES_AGGRESSIVE;
				CLANG_CXX_LANGUAGE_STANDARD = "gnu++14";
				CLANG_CXX_LIBRARY = "libc++";
				CLANG_ENABLE_MODULES = YES;
				CLANG_ENABLE_OBJC_ARC = YES;
				CLANG_ENABLE_OBJC_WEAK = YES;
				CLANG_WARN_BLOCK_CAPTURE_AUTORELEASING = YES;
				CLANG_WARN_BOOL_CONVERSION = YES;
				CLANG_WARN_COMMA = YES;
				CLANG_WARN_CONSTANT_CONVERSION = YES;
				CLANG_WARN_DEPRECATED_OBJC_IMPLEMENTATIONS = YES;
				CLANG_WARN_DIRECT_OBJC_ISA_USAGE = YES_ERROR;
				CLANG_WARN_DOCUMENTATION_COMMENTS = YES;
				CLANG_WARN_EMPTY_BODY = YES;
				CLANG_WARN_ENUM_CONVERSION = YES;
				CLANG_WARN_INFINITE_RECURSION = YES;
				CLANG_WARN_INT_CONVERSION = YES;
				CLANG_WARN_NON_LITERAL_NULL_CONVERSION = YES;
				CLANG_WARN_OBJC_IMPLICIT_RETAIN_SELF = YES;
				CLANG_WARN_OBJC_LITERAL_CONVERSION = YES;
				CLANG_WARN_OBJC_ROOT_CLASS = YES_ERROR;
				CLANG_WARN_QUOTED_INCLUDE_IN_FRAMEWORK_HEADER = YES;
				CLANG_WARN_RANGE_LOOP_ANALYSIS = YES;
				CLANG_WARN_STRICT_PROTOTYPES = YES;
				CLANG_WARN_SUSPICIOUS_MOVE = YES;
				CLANG_WARN_UNGUARDED_AVAILABILITY = YES_AGGRESSIVE;
				CLANG_WARN_UNREACHABLE_CODE = YES;
				CLANG_WARN__DUPLICATE_METHOD_MATCH = YES;
				COPY_PHASE_STRIP = NO;
				DEBUG_INFORMATION_FORMAT = "dwarf-with-dsym";
				ENABLE_NS_ASSERTIONS = NO;
				ENABLE_STRICT_OBJC_MSGSEND = YES;
				GCC_C_LANGUAGE_STANDARD = gnu11;
				GCC_NO_COMMON_BLOCKS = YES;
				GCC_WARN_64_TO_32_BIT_CONVERSION = YES;
				GCC_WARN_ABOUT_RETURN_TYPE = YES_ERROR;
				GCC_WARN_UNDECLARED_SELECTOR = YES;
				GCC_WARN_UNINITIALIZED_AUTOS = YES_AGGRESSIVE;
				GCC_WARN_UNUSED_FUNCTION = YES;
				GCC_WARN_UNUSED_VARIABLE = YES;
				IPHONEOS_DEPLOYMENT_TARGET = 13.0;
				MTL_ENABLE_DEBUG_INFO = NO;
				MTL_FAST_MATH = YES;
				SDKROOT = iphoneos;
				SWIFT_COMPILATION_MODE = wholemodule;
				SWIFT_OPTIMIZATION_LEVEL = "-O";
				VALIDATE_PRODUCT = YES;
			};
			name = Release;
		};
		ACD5826D2508AFAA00C12CFB /* Debug */ = {
			isa = XCBuildConfiguration;
			buildSettings = {
				ASSETCATALOG_COMPILER_APPICON_NAME = AppIcon;
				CODE_SIGN_STYLE = Automatic;
				DEVELOPMENT_TEAM = SJGR47U9J5;
				INFOPLIST_FILE = SkeletonViewTutorial/Info.plist;
				IPHONEOS_DEPLOYMENT_TARGET = 13.0;
				LD_RUNPATH_SEARCH_PATHS = (
					"$(inherited)",
					"@executable_path/Frameworks",
				);
				PRODUCT_BUNDLE_IDENTIFIER = com.mouredev.SkeletonViewTutorial;
				PRODUCT_NAME = "$(TARGET_NAME)";
				SWIFT_VERSION = 5.0;
				TARGETED_DEVICE_FAMILY = "1,2";
			};
			name = Debug;
		};
		ACD5826E2508AFAA00C12CFB /* Release */ = {
			isa = XCBuildConfiguration;
			buildSettings = {
				ASSETCATALOG_COMPILER_APPICON_NAME = AppIcon;
				CODE_SIGN_STYLE = Automatic;
				DEVELOPMENT_TEAM = SJGR47U9J5;
				INFOPLIST_FILE = SkeletonViewTutorial/Info.plist;
				IPHONEOS_DEPLOYMENT_TARGET = 13.0;
				LD_RUNPATH_SEARCH_PATHS = (
					"$(inherited)",
					"@executable_path/Frameworks",
				);
				PRODUCT_BUNDLE_IDENTIFIER = com.mouredev.SkeletonViewTutorial;
				PRODUCT_NAME = "$(TARGET_NAME)";
				SWIFT_VERSION = 5.0;
				TARGETED_DEVICE_FAMILY = "1,2";
			};
			name = Release;
		};
/* End XCBuildConfiguration section */

/* Begin XCConfigurationList section */
		ACD582532508AFA900C12CFB /* Build configuration list for PBXProject "SkeletonViewTutorial" */ = {
			isa = XCConfigurationList;
			buildConfigurations = (
				ACD5826A2508AFAA00C12CFB /* Debug */,
				ACD5826B2508AFAA00C12CFB /* Release */,
			);
			defaultConfigurationIsVisible = 0;
			defaultConfigurationName = Release;
		};
		ACD5826C2508AFAA00C12CFB /* Build configuration list for PBXNativeTarget "SkeletonViewTutorial" */ = {
			isa = XCConfigurationList;
			buildConfigurations = (
				ACD5826D2508AFAA00C12CFB /* Debug */,
				ACD5826E2508AFAA00C12CFB /* Release */,
			);
			defaultConfigurationIsVisible = 0;
			defaultConfigurationName = Release;
		};
/* End XCConfigurationList section */

/* Begin XCRemoteSwiftPackageReference section */
		AC14EFDD250B990A0097CD16 /* XCRemoteSwiftPackageReference "SkeletonView" */ = {
			isa = XCRemoteSwiftPackageReference;
			repositoryURL = "https://github.com/Juanpe/SkeletonView.git";
			requirement = {
				kind = upToNextMajorVersion;
				minimumVersion = 1.8.8;
			};
		};
/* End XCRemoteSwiftPackageReference section */

/* Begin XCSwiftPackageProductDependency section */
		AC14EFDE250B990A0097CD16 /* SkeletonView */ = {
			isa = XCSwiftPackageProductDependency;
			package = AC14EFDD250B990A0097CD16 /* XCRemoteSwiftPackageReference "SkeletonView" */;
			productName = SkeletonView;
		};
/* End XCSwiftPackageProductDependency section */
	};
	rootObject = ACD582502508AFA900C12CFB /* Project object */;
}
